{
  "nodes": {
    "nix-ada": {
      "inputs": {
        "nixpkgs": "nixpkgs"
      },
      "locked": {
        "lastModified": 1737123334,
        "narHash": "sha256-JqdGD3QEYnmh0Vuj/mbJBIfm/S4bUnzwF5V/VBxsOEo=",
        "ref": "refs/heads/master",
        "rev": "9f006ee89c2d9c0640669cfd3603cb20c83bae75",
        "revCount": 41,
        "type": "git",
        "url": "file:///home/andrew/src/ada/nix-ada"
      },
      "original": {
        "type": "git",
        "url": "file:///home/andrew/src/ada/nix-ada"
      }
    },
    "nixpkgs": {
      "locked": {
        "lastModified": 1737029576,
        "narHash": "sha256-GB9hOASuX0RKqSu5JARXSkc8h2cuZIKF3REX0eplh7E=",
        "owner": "NixOS",
        "repo": "nixpkgs",
        "rev": "310c5c4d3fd457d80365f52c71ac80b9d54a7cc4",
        "type": "github"
      },
      "original": {
        "owner": "NixOS",
        "repo": "nixpkgs",
        "rev": "310c5c4d3fd457d80365f52c71ac80b9d54a7cc4",
        "type": "github"
      }
    },
    "root": {
      "inputs": {
        "nix-ada": "nix-ada"
      }
    }
  },
  "root": "root",
  "version": 7
}
